// !$*UTF8*$!
{
	archiveVersion = 1;
	classes = {
	};
	objectVersion = 46;
	objects = {

/* Begin PBXBuildFile section */
		2323128A1937AA4600B34F7A /* Foundation.framework in Frameworks */ = {isa = PBXBuildFile; fileRef = 232312891937AA4600B34F7A /* Foundation.framework */; };
		2323128C1937AA4600B34F7A /* CoreGraphics.framework in Frameworks */ = {isa = PBXBuildFile; fileRef = 2323128B1937AA4600B34F7A /* CoreGraphics.framework */; };
		2323128E1937AA4600B34F7A /* UIKit.framework in Frameworks */ = {isa = PBXBuildFile; fileRef = 2323128D1937AA4600B34F7A /* UIKit.framework */; };
		232312901937AA4600B34F7A /* SpriteKit.framework in Frameworks */ = {isa = PBXBuildFile; fileRef = 2323128F1937AA4600B34F7A /* SpriteKit.framework */; };
		232312961937AA4600B34F7A /* InfoPlist.strings in Resources */ = {isa = PBXBuildFile; fileRef = 232312941937AA4600B34F7A /* InfoPlist.strings */; };
		232312981937AA4600B34F7A /* main.m in Sources */ = {isa = PBXBuildFile; fileRef = 232312971937AA4600B34F7A /* main.m */; };
		2323129C1937AA4600B34F7A /* ueesAppDelegate.m in Sources */ = {isa = PBXBuildFile; fileRef = 2323129B1937AA4600B34F7A /* ueesAppDelegate.m */; };
		2323129F1937AA4600B34F7A /* Main_iPhone.storyboard in Resources */ = {isa = PBXBuildFile; fileRef = 2323129D1937AA4600B34F7A /* Main_iPhone.storyboard */; };
		232312A21937AA4600B34F7A /* Main_iPad.storyboard in Resources */ = {isa = PBXBuildFile; fileRef = 232312A01937AA4600B34F7A /* Main_iPad.storyboard */; };
		232312A51937AA4600B34F7A /* ueesViewController.m in Sources */ = {isa = PBXBuildFile; fileRef = 232312A41937AA4600B34F7A /* ueesViewController.m */; };
		232312A81937AA4600B34F7A /* Escena_menu.m in Sources */ = {isa = PBXBuildFile; fileRef = 232312A71937AA4600B34F7A /* Escena_menu.m */; };
		232312AC1937AA4600B34F7A /* Images.xcassets in Resources */ = {isa = PBXBuildFile; fileRef = 232312AB1937AA4600B34F7A /* Images.xcassets */; };
		232312B31937AA4600B34F7A /* XCTest.framework in Frameworks */ = {isa = PBXBuildFile; fileRef = 232312B21937AA4600B34F7A /* XCTest.framework */; };
		232312B41937AA4600B34F7A /* Foundation.framework in Frameworks */ = {isa = PBXBuildFile; fileRef = 232312891937AA4600B34F7A /* Foundation.framework */; };
		232312B51937AA4600B34F7A /* UIKit.framework in Frameworks */ = {isa = PBXBuildFile; fileRef = 2323128D1937AA4600B34F7A /* UIKit.framework */; };
		232312BD1937AA4600B34F7A /* InfoPlist.strings in Resources */ = {isa = PBXBuildFile; fileRef = 232312BB1937AA4600B34F7A /* InfoPlist.strings */; };
		232312BF1937AA4600B34F7A /* CuchoTests.m in Sources */ = {isa = PBXBuildFile; fileRef = 232312BE1937AA4600B34F7A /* CuchoTests.m */; };
		85019FD81947A87E007DB79E /* gameCenterManager.m in Sources */ = {isa = PBXBuildFile; fileRef = 85019FD71947A87E007DB79E /* gameCenterManager.m */; };
		850B4B1D1941195E007C5C20 /* GameKit.framework in Frameworks */ = {isa = PBXBuildFile; fileRef = 850B4B1C1941195E007C5C20 /* GameKit.framework */; };
		85151D59194A1591002E2FC5 /* Escena_mundos.m in Sources */ = {isa = PBXBuildFile; fileRef = 85151D58194A1591002E2FC5 /* Escena_mundos.m */; };
		851EFF23198838A0009377CD /* Escena_juego.m in Sources */ = {isa = PBXBuildFile; fileRef = 851EFF22198838A0009377CD /* Escena_juego.m */; };
		851EFF2519883E38009377CD /* bt_atras.png in Resources */ = {isa = PBXBuildFile; fileRef = 851EFF2419883E38009377CD /* bt_atras.png */; };
		8535D6CB19880496005BEC90 /* bt_nivel1.png in Resources */ = {isa = PBXBuildFile; fileRef = 8535D6C619880496005BEC90 /* bt_nivel1.png */; };
		8535D6CC19880496005BEC90 /* bt_nivel2.png in Resources */ = {isa = PBXBuildFile; fileRef = 8535D6C719880496005BEC90 /* bt_nivel2.png */; };
		8535D6CD19880496005BEC90 /* bt_nivel3.png in Resources */ = {isa = PBXBuildFile; fileRef = 8535D6C819880496005BEC90 /* bt_nivel3.png */; };
		8535D6CE19880496005BEC90 /* bt_nivel4.png in Resources */ = {isa = PBXBuildFile; fileRef = 8535D6C919880496005BEC90 /* bt_nivel4.png */; };
		8535D6CF19880496005BEC90 /* bt_nivel5.png in Resources */ = {isa = PBXBuildFile; fileRef = 8535D6CA19880496005BEC90 /* bt_nivel5.png */; };
		8535D6D719880AE2005BEC90 /* cuchoNiveles.atlas in Resources */ = {isa = PBXBuildFile; fileRef = 8535D6D619880AE2005BEC90 /* cuchoNiveles.atlas */; };
		855056AF19816B6F005EC6C2 /* mario_phone.jpg in Resources */ = {isa = PBXBuildFile; fileRef = 855056AD19816B6F005EC6C2 /* mario_phone.jpg */; };
		855056B019816B6F005EC6C2 /* mario.jpg in Resources */ = {isa = PBXBuildFile; fileRef = 855056AE19816B6F005EC6C2 /* mario.jpg */; };
		8554795F199405C2008BBAF9 /* bt_recargar@2x.png in Resources */ = {isa = PBXBuildFile; fileRef = 8554795E199405C2008BBAF9 /* bt_recargar@2x.png */; };
		85547962199405D7008BBAF9 /* bt_salir@2x.png in Resources */ = {isa = PBXBuildFile; fileRef = 85547960199405D7008BBAF9 /* bt_salir@2x.png */; };
		85547963199405D7008BBAF9 /* images.png in Resources */ = {isa = PBXBuildFile; fileRef = 85547961199405D7008BBAF9 /* images.png */; };
		85547966199405EC008BBAF9 /* corazon@2x.png in Resources */ = {isa = PBXBuildFile; fileRef = 85547964199405EC008BBAF9 /* corazon@2x.png */; };
		85547967199405EC008BBAF9 /* orange-round-play-button.png in Resources */ = {isa = PBXBuildFile; fileRef = 85547965199405EC008BBAF9 /* orange-round-play-button.png */; };
		8554797A19940731008BBAF9 /* SKAction+SKTExtras.m in Sources */ = {isa = PBXBuildFile; fileRef = 8554796A19940731008BBAF9 /* SKAction+SKTExtras.m */; };
		8554797B19940731008BBAF9 /* SKAction+SKTSpecialEffects.m in Sources */ = {isa = PBXBuildFile; fileRef = 8554796C19940731008BBAF9 /* SKAction+SKTSpecialEffects.m */; };
		8554797C19940731008BBAF9 /* SKEmitterNode+SKTExtras.m in Sources */ = {isa = PBXBuildFile; fileRef = 8554796E19940731008BBAF9 /* SKEmitterNode+SKTExtras.m */; };
		8554797D19940731008BBAF9 /* SKNode+SKTDebugDraw.m in Sources */ = {isa = PBXBuildFile; fileRef = 8554797019940731008BBAF9 /* SKNode+SKTDebugDraw.m */; };
		8554797E19940731008BBAF9 /* SKNode+SKTExtras.m in Sources */ = {isa = PBXBuildFile; fileRef = 8554797219940731008BBAF9 /* SKNode+SKTExtras.m */; };
		8554797F19940731008BBAF9 /* SKTAudio.m in Sources */ = {isa = PBXBuildFile; fileRef = 8554797419940731008BBAF9 /* SKTAudio.m */; };
		8554798019940731008BBAF9 /* SKTEffects.m in Sources */ = {isa = PBXBuildFile; fileRef = 8554797619940731008BBAF9 /* SKTEffects.m */; };
		8554798119940731008BBAF9 /* SKTTimingFunctions.m in Sources */ = {isa = PBXBuildFile; fileRef = 8554797819940731008BBAF9 /* SKTTimingFunctions.m */; };
		8554798519941092008BBAF9 /* conexionBase.m in Sources */ = {isa = PBXBuildFile; fileRef = 8554798419941092008BBAF9 /* conexionBase.m */; };
		855EEE66196C5A2A00AF42AF /* QuartzCore.framework in Frameworks */ = {isa = PBXBuildFile; fileRef = 855EEE65196C5A2A00AF42AF /* QuartzCore.framework */; };
		855EEE6C196C6CA200AF42AF /* iCarousel.m in Sources */ = {isa = PBXBuildFile; fileRef = 855EEE6B196C6CA200AF42AF /* iCarousel.m */; };
		855EEE75196C6F1000AF42AF /* Escena_nivel.m in Sources */ = {isa = PBXBuildFile; fileRef = 855EEE74196C6F1000AF42AF /* Escena_nivel.m */; };
		855EEE7B196CA31800AF42AF /* background.png in Resources */ = {isa = PBXBuildFile; fileRef = 855EEE7A196CA31800AF42AF /* background.png */; };
		8560EB4F1993E936000A57F7 /* ajustes_view.xib in Resources */ = {isa = PBXBuildFile; fileRef = 8560EB4E1993E936000A57F7 /* ajustes_view.xib */; };
		8575DA961940E3C200392E73 /* JSTileMap.m in Sources */ = {isa = PBXBuildFile; fileRef = 8575DA951940E3C200392E73 /* JSTileMap.m */; };
		8575DA991940E3E000392E73 /* LFCGzipUtility.m in Sources */ = {isa = PBXBuildFile; fileRef = 8575DA981940E3E000392E73 /* LFCGzipUtility.m */; };
		8575DA9B1940E42B00392E73 /* libz.dylib in Frameworks */ = {isa = PBXBuildFile; fileRef = 8575DA9A1940E42B00392E73 /* libz.dylib */; };
		8575DAA51940EC0200392E73 /* BTpuntajes@2x.png in Resources */ = {isa = PBXBuildFile; fileRef = 8575DAA41940EC0200392E73 /* BTpuntajes@2x.png */; };
		8575DAA71940EC3A00392E73 /* BTjugar@2x.png in Resources */ = {isa = PBXBuildFile; fileRef = 8575DAA61940EC3A00392E73 /* BTjugar@2x.png */; };
		8575DAA91940EE2900392E73 /* BTcomprar@2x.png in Resources */ = {isa = PBXBuildFile; fileRef = 8575DAA81940EE2900392E73 /* BTcomprar@2x.png */; };
		85A659CB196307930095D51A /* Jugador.m in Sources */ = {isa = PBXBuildFile; fileRef = 85A659CA196307930095D51A /* Jugador.m */; };
		85A659CF196307C90095D51A /* EfectoParallax.m in Sources */ = {isa = PBXBuildFile; fileRef = 85A659CE196307C90095D51A /* EfectoParallax.m */; };
		85A659D119630E940095D51A /* configuracion_juego.plist in Resources */ = {isa = PBXBuildFile; fileRef = 85A659D019630E940095D51A /* configuracion_juego.plist */; };
		85A659D5196338380095D51A /* BTajustes@2x.png in Resources */ = {isa = PBXBuildFile; fileRef = 85A659D4196338380095D51A /* BTajustes@2x.png */; };
		85A659D9196339320095D51A /* View_ajustes.m in Sources */ = {isa = PBXBuildFile; fileRef = 85A659D8196339320095D51A /* View_ajustes.m */; };
/* End PBXBuildFile section */

/* Begin PBXContainerItemProxy section */
		232312B61937AA4600B34F7A /* PBXContainerItemProxy */ = {
			isa = PBXContainerItemProxy;
			containerPortal = 2323127E1937AA4600B34F7A /* Project object */;
			proxyType = 1;
			remoteGlobalIDString = 232312851937AA4600B34F7A;
			remoteInfo = Cucho;
		};
/* End PBXContainerItemProxy section */

/* Begin PBXFileReference section */
		232312861937AA4600B34F7A /* Cucho Run.app */ = {isa = PBXFileReference; explicitFileType = wrapper.application; includeInIndex = 0; path = "Cucho Run.app"; sourceTree = BUILT_PRODUCTS_DIR; };
		232312891937AA4600B34F7A /* Foundation.framework */ = {isa = PBXFileReference; lastKnownFileType = wrapper.framework; name = Foundation.framework; path = System/Library/Frameworks/Foundation.framework; sourceTree = SDKROOT; };
		2323128B1937AA4600B34F7A /* CoreGraphics.framework */ = {isa = PBXFileReference; lastKnownFileType = wrapper.framework; name = CoreGraphics.framework; path = System/Library/Frameworks/CoreGraphics.framework; sourceTree = SDKROOT; };
		2323128D1937AA4600B34F7A /* UIKit.framework */ = {isa = PBXFileReference; lastKnownFileType = wrapper.framework; name = UIKit.framework; path = System/Library/Frameworks/UIKit.framework; sourceTree = SDKROOT; };
		2323128F1937AA4600B34F7A /* SpriteKit.framework */ = {isa = PBXFileReference; lastKnownFileType = wrapper.framework; name = SpriteKit.framework; path = System/Library/Frameworks/SpriteKit.framework; sourceTree = SDKROOT; };
		232312931937AA4600B34F7A /* Cucho Run-Info.plist */ = {isa = PBXFileReference; lastKnownFileType = text.plist.xml; path = "Cucho Run-Info.plist"; sourceTree = "<group>"; };
		232312951937AA4600B34F7A /* en */ = {isa = PBXFileReference; lastKnownFileType = text.plist.strings; name = en; path = en.lproj/InfoPlist.strings; sourceTree = "<group>"; };
		232312971937AA4600B34F7A /* main.m */ = {isa = PBXFileReference; lastKnownFileType = sourcecode.c.objc; path = main.m; sourceTree = "<group>"; };
		232312991937AA4600B34F7A /* Cucho Run-Prefix.pch */ = {isa = PBXFileReference; lastKnownFileType = sourcecode.c.h; path = "Cucho Run-Prefix.pch"; sourceTree = "<group>"; };
		2323129A1937AA4600B34F7A /* ueesAppDelegate.h */ = {isa = PBXFileReference; lastKnownFileType = sourcecode.c.h; path = ueesAppDelegate.h; sourceTree = "<group>"; };
		2323129B1937AA4600B34F7A /* ueesAppDelegate.m */ = {isa = PBXFileReference; lastKnownFileType = sourcecode.c.objc; path = ueesAppDelegate.m; sourceTree = "<group>"; };
		2323129E1937AA4600B34F7A /* Base */ = {isa = PBXFileReference; lastKnownFileType = file.storyboard; name = Base; path = Base.lproj/Main_iPhone.storyboard; sourceTree = "<group>"; };
		232312A11937AA4600B34F7A /* Base */ = {isa = PBXFileReference; lastKnownFileType = file.storyboard; name = Base; path = Base.lproj/Main_iPad.storyboard; sourceTree = "<group>"; };
		232312A31937AA4600B34F7A /* ueesViewController.h */ = {isa = PBXFileReference; lastKnownFileType = sourcecode.c.h; path = ueesViewController.h; sourceTree = "<group>"; };
		232312A41937AA4600B34F7A /* ueesViewController.m */ = {isa = PBXFileReference; lastKnownFileType = sourcecode.c.objc; path = ueesViewController.m; sourceTree = "<group>"; };
		232312A61937AA4600B34F7A /* Escena_menu.h */ = {isa = PBXFileReference; lastKnownFileType = sourcecode.c.h; path = Escena_menu.h; sourceTree = "<group>"; };
		232312A71937AA4600B34F7A /* Escena_menu.m */ = {isa = PBXFileReference; lastKnownFileType = sourcecode.c.objc; path = Escena_menu.m; sourceTree = "<group>"; };
		232312AB1937AA4600B34F7A /* Images.xcassets */ = {isa = PBXFileReference; lastKnownFileType = folder.assetcatalog; path = Images.xcassets; sourceTree = "<group>"; };
		232312B11937AA4600B34F7A /* Cucho RunTests.xctest */ = {isa = PBXFileReference; explicitFileType = wrapper.cfbundle; includeInIndex = 0; path = "Cucho RunTests.xctest"; sourceTree = BUILT_PRODUCTS_DIR; };
		232312B21937AA4600B34F7A /* XCTest.framework */ = {isa = PBXFileReference; lastKnownFileType = wrapper.framework; name = XCTest.framework; path = Library/Frameworks/XCTest.framework; sourceTree = DEVELOPER_DIR; };
		232312BA1937AA4600B34F7A /* Cucho RunTests-Info.plist */ = {isa = PBXFileReference; lastKnownFileType = text.plist.xml; path = "Cucho RunTests-Info.plist"; sourceTree = "<group>"; };
		232312BC1937AA4600B34F7A /* en */ = {isa = PBXFileReference; lastKnownFileType = text.plist.strings; name = en; path = en.lproj/InfoPlist.strings; sourceTree = "<group>"; };
		232312BE1937AA4600B34F7A /* CuchoTests.m */ = {isa = PBXFileReference; lastKnownFileType = sourcecode.c.objc; path = CuchoTests.m; sourceTree = "<group>"; };
		85019FD61947A87E007DB79E /* gameCenterManager.h */ = {isa = PBXFileReference; fileEncoding = 4; lastKnownFileType = sourcecode.c.h; path = gameCenterManager.h; sourceTree = "<group>"; };
		85019FD71947A87E007DB79E /* gameCenterManager.m */ = {isa = PBXFileReference; fileEncoding = 4; lastKnownFileType = sourcecode.c.objc; path = gameCenterManager.m; sourceTree = "<group>"; };
		850B4B1C1941195E007C5C20 /* GameKit.framework */ = {isa = PBXFileReference; lastKnownFileType = wrapper.framework; name = GameKit.framework; path = System/Library/Frameworks/GameKit.framework; sourceTree = SDKROOT; };
		85151D57194A1591002E2FC5 /* Escena_mundos.h */ = {isa = PBXFileReference; fileEncoding = 4; lastKnownFileType = sourcecode.c.h; path = Escena_mundos.h; sourceTree = "<group>"; };
		85151D58194A1591002E2FC5 /* Escena_mundos.m */ = {isa = PBXFileReference; fileEncoding = 4; lastKnownFileType = sourcecode.c.objc; path = Escena_mundos.m; sourceTree = "<group>"; };
		851EFF21198838A0009377CD /* Escena_juego.h */ = {isa = PBXFileReference; fileEncoding = 4; lastKnownFileType = sourcecode.c.h; path = Escena_juego.h; sourceTree = "<group>"; };
		851EFF22198838A0009377CD /* Escena_juego.m */ = {isa = PBXFileReference; fileEncoding = 4; lastKnownFileType = sourcecode.c.objc; path = Escena_juego.m; sourceTree = "<group>"; };
		851EFF2419883E38009377CD /* bt_atras.png */ = {isa = PBXFileReference; lastKnownFileType = image.png; path = bt_atras.png; sourceTree = "<group>"; };
		8535D6C619880496005BEC90 /* bt_nivel1.png */ = {isa = PBXFileReference; lastKnownFileType = image.png; path = bt_nivel1.png; sourceTree = "<group>"; };
		8535D6C719880496005BEC90 /* bt_nivel2.png */ = {isa = PBXFileReference; lastKnownFileType = image.png; path = bt_nivel2.png; sourceTree = "<group>"; };
		8535D6C819880496005BEC90 /* bt_nivel3.png */ = {isa = PBXFileReference; lastKnownFileType = image.png; path = bt_nivel3.png; sourceTree = "<group>"; };
		8535D6C919880496005BEC90 /* bt_nivel4.png */ = {isa = PBXFileReference; lastKnownFileType = image.png; path = bt_nivel4.png; sourceTree = "<group>"; };
		8535D6CA19880496005BEC90 /* bt_nivel5.png */ = {isa = PBXFileReference; lastKnownFileType = image.png; path = bt_nivel5.png; sourceTree = "<group>"; };
		8535D6D619880AE2005BEC90 /* cuchoNiveles.atlas */ = {isa = PBXFileReference; lastKnownFileType = folder.skatlas; path = cuchoNiveles.atlas; sourceTree = "<group>"; };
		855056AD19816B6F005EC6C2 /* mario_phone.jpg */ = {isa = PBXFileReference; lastKnownFileType = image.jpeg; path = mario_phone.jpg; sourceTree = "<group>"; };
		855056AE19816B6F005EC6C2 /* mario.jpg */ = {isa = PBXFileReference; lastKnownFileType = image.jpeg; path = mario.jpg; sourceTree = "<group>"; };
		8554795E199405C2008BBAF9 /* bt_recargar@2x.png */ = {isa = PBXFileReference; lastKnownFileType = image.png; path = "bt_recargar@2x.png"; sourceTree = "<group>"; };
		85547960199405D7008BBAF9 /* bt_salir@2x.png */ = {isa = PBXFileReference; lastKnownFileType = image.png; path = "bt_salir@2x.png"; sourceTree = "<group>"; };
		85547961199405D7008BBAF9 /* images.png */ = {isa = PBXFileReference; lastKnownFileType = image.png; path = images.png; sourceTree = "<group>"; };
		85547964199405EC008BBAF9 /* corazon@2x.png */ = {isa = PBXFileReference; lastKnownFileType = image.png; path = "corazon@2x.png"; sourceTree = "<group>"; };
		85547965199405EC008BBAF9 /* orange-round-play-button.png */ = {isa = PBXFileReference; lastKnownFileType = image.png; path = "orange-round-play-button.png"; sourceTree = "<group>"; };
		8554796919940731008BBAF9 /* SKAction+SKTExtras.h */ = {isa = PBXFileReference; fileEncoding = 4; lastKnownFileType = sourcecode.c.h; path = "SKAction+SKTExtras.h"; sourceTree = "<group>"; };
		8554796A19940731008BBAF9 /* SKAction+SKTExtras.m */ = {isa = PBXFileReference; fileEncoding = 4; lastKnownFileType = sourcecode.c.objc; path = "SKAction+SKTExtras.m"; sourceTree = "<group>"; };
		8554796B19940731008BBAF9 /* SKAction+SKTSpecialEffects.h */ = {isa = PBXFileReference; fileEncoding = 4; lastKnownFileType = sourcecode.c.h; path = "SKAction+SKTSpecialEffects.h"; sourceTree = "<group>"; };
		8554796C19940731008BBAF9 /* SKAction+SKTSpecialEffects.m */ = {isa = PBXFileReference; fileEncoding = 4; lastKnownFileType = sourcecode.c.objc; path = "SKAction+SKTSpecialEffects.m"; sourceTree = "<group>"; };
		8554796D19940731008BBAF9 /* SKEmitterNode+SKTExtras.h */ = {isa = PBXFileReference; fileEncoding = 4; lastKnownFileType = sourcecode.c.h; path = "SKEmitterNode+SKTExtras.h"; sourceTree = "<group>"; };
		8554796E19940731008BBAF9 /* SKEmitterNode+SKTExtras.m */ = {isa = PBXFileReference; fileEncoding = 4; lastKnownFileType = sourcecode.c.objc; path = "SKEmitterNode+SKTExtras.m"; sourceTree = "<group>"; };
		8554796F19940731008BBAF9 /* SKNode+SKTDebugDraw.h */ = {isa = PBXFileReference; fileEncoding = 4; lastKnownFileType = sourcecode.c.h; path = "SKNode+SKTDebugDraw.h"; sourceTree = "<group>"; };
		8554797019940731008BBAF9 /* SKNode+SKTDebugDraw.m */ = {isa = PBXFileReference; fileEncoding = 4; lastKnownFileType = sourcecode.c.objc; path = "SKNode+SKTDebugDraw.m"; sourceTree = "<group>"; };
		8554797119940731008BBAF9 /* SKNode+SKTExtras.h */ = {isa = PBXFileReference; fileEncoding = 4; lastKnownFileType = sourcecode.c.h; path = "SKNode+SKTExtras.h"; sourceTree = "<group>"; };
		8554797219940731008BBAF9 /* SKNode+SKTExtras.m */ = {isa = PBXFileReference; fileEncoding = 4; lastKnownFileType = sourcecode.c.objc; path = "SKNode+SKTExtras.m"; sourceTree = "<group>"; };
		8554797319940731008BBAF9 /* SKTAudio.h */ = {isa = PBXFileReference; fileEncoding = 4; lastKnownFileType = sourcecode.c.h; path = SKTAudio.h; sourceTree = "<group>"; };
		8554797419940731008BBAF9 /* SKTAudio.m */ = {isa = PBXFileReference; fileEncoding = 4; lastKnownFileType = sourcecode.c.objc; path = SKTAudio.m; sourceTree = "<group>"; };
		8554797519940731008BBAF9 /* SKTEffects.h */ = {isa = PBXFileReference; fileEncoding = 4; lastKnownFileType = sourcecode.c.h; path = SKTEffects.h; sourceTree = "<group>"; };
		8554797619940731008BBAF9 /* SKTEffects.m */ = {isa = PBXFileReference; fileEncoding = 4; lastKnownFileType = sourcecode.c.objc; path = SKTEffects.m; sourceTree = "<group>"; };
		8554797719940731008BBAF9 /* SKTTimingFunctions.h */ = {isa = PBXFileReference; fileEncoding = 4; lastKnownFileType = sourcecode.c.h; path = SKTTimingFunctions.h; sourceTree = "<group>"; };
		8554797819940731008BBAF9 /* SKTTimingFunctions.m */ = {isa = PBXFileReference; fileEncoding = 4; lastKnownFileType = sourcecode.c.objc; path = SKTTimingFunctions.m; sourceTree = "<group>"; };
		8554797919940731008BBAF9 /* SKTUtils.h */ = {isa = PBXFileReference; fileEncoding = 4; lastKnownFileType = sourcecode.c.h; path = SKTUtils.h; sourceTree = "<group>"; };
		8554798319941092008BBAF9 /* conexionBase.h */ = {isa = PBXFileReference; fileEncoding = 4; lastKnownFileType = sourcecode.c.h; path = conexionBase.h; sourceTree = "<group>"; };
		8554798419941092008BBAF9 /* conexionBase.m */ = {isa = PBXFileReference; fileEncoding = 4; lastKnownFileType = sourcecode.c.objc; path = conexionBase.m; sourceTree = "<group>"; };
		855EEE65196C5A2A00AF42AF /* QuartzCore.framework */ = {isa = PBXFileReference; lastKnownFileType = wrapper.framework; name = QuartzCore.framework; path = System/Library/Frameworks/QuartzCore.framework; sourceTree = SDKROOT; };
		855EEE6A196C6CA200AF42AF /* iCarousel.h */ = {isa = PBXFileReference; fileEncoding = 4; lastKnownFileType = sourcecode.c.h; path = iCarousel.h; sourceTree = "<group>"; };
		855EEE6B196C6CA200AF42AF /* iCarousel.m */ = {isa = PBXFileReference; fileEncoding = 4; lastKnownFileType = sourcecode.c.objc; path = iCarousel.m; sourceTree = "<group>"; };
		855EEE73196C6F1000AF42AF /* Escena_nivel.h */ = {isa = PBXFileReference; fileEncoding = 4; lastKnownFileType = sourcecode.c.h; path = Escena_nivel.h; sourceTree = "<group>"; };
		855EEE74196C6F1000AF42AF /* Escena_nivel.m */ = {isa = PBXFileReference; fileEncoding = 4; lastKnownFileType = sourcecode.c.objc; path = Escena_nivel.m; sourceTree = "<group>"; };
		855EEE7A196CA31800AF42AF /* background.png */ = {isa = PBXFileReference; lastKnownFileType = image.png; path = background.png; sourceTree = "<group>"; };
		8560EB4E1993E936000A57F7 /* ajustes_view.xib */ = {isa = PBXFileReference; fileEncoding = 4; lastKnownFileType = file.xib; path = ajustes_view.xib; sourceTree = "<group>"; };
		8575DA941940E3C200392E73 /* JSTileMap.h */ = {isa = PBXFileReference; fileEncoding = 4; lastKnownFileType = sourcecode.c.h; path = JSTileMap.h; sourceTree = "<group>"; };
		8575DA951940E3C200392E73 /* JSTileMap.m */ = {isa = PBXFileReference; fileEncoding = 4; lastKnownFileType = sourcecode.c.objc; path = JSTileMap.m; sourceTree = "<group>"; };
		8575DA971940E3E000392E73 /* LFCGzipUtility.h */ = {isa = PBXFileReference; fileEncoding = 4; lastKnownFileType = sourcecode.c.h; path = LFCGzipUtility.h; sourceTree = "<group>"; };
		8575DA981940E3E000392E73 /* LFCGzipUtility.m */ = {isa = PBXFileReference; fileEncoding = 4; lastKnownFileType = sourcecode.c.objc; path = LFCGzipUtility.m; sourceTree = "<group>"; };
		8575DA9A1940E42B00392E73 /* libz.dylib */ = {isa = PBXFileReference; lastKnownFileType = "compiled.mach-o.dylib"; name = libz.dylib; path = usr/lib/libz.dylib; sourceTree = SDKROOT; };
		8575DAA41940EC0200392E73 /* BTpuntajes@2x.png */ = {isa = PBXFileReference; lastKnownFileType = image.png; path = "BTpuntajes@2x.png"; sourceTree = "<group>"; };
		8575DAA61940EC3A00392E73 /* BTjugar@2x.png */ = {isa = PBXFileReference; lastKnownFileType = image.png; path = "BTjugar@2x.png"; sourceTree = "<group>"; };
		8575DAA81940EE2900392E73 /* BTcomprar@2x.png */ = {isa = PBXFileReference; lastKnownFileType = image.png; path = "BTcomprar@2x.png"; sourceTree = "<group>"; };
		85A659C9196307930095D51A /* Jugador.h */ = {isa = PBXFileReference; fileEncoding = 4; lastKnownFileType = sourcecode.c.h; path = Jugador.h; sourceTree = "<group>"; };
		85A659CA196307930095D51A /* Jugador.m */ = {isa = PBXFileReference; fileEncoding = 4; lastKnownFileType = sourcecode.c.objc; path = Jugador.m; sourceTree = "<group>"; };
		85A659CD196307C90095D51A /* EfectoParallax.h */ = {isa = PBXFileReference; fileEncoding = 4; lastKnownFileType = sourcecode.c.h; path = EfectoParallax.h; sourceTree = "<group>"; };
		85A659CE196307C90095D51A /* EfectoParallax.m */ = {isa = PBXFileReference; fileEncoding = 4; lastKnownFileType = sourcecode.c.objc; path = EfectoParallax.m; sourceTree = "<group>"; };
		85A659D019630E940095D51A /* configuracion_juego.plist */ = {isa = PBXFileReference; fileEncoding = 4; lastKnownFileType = text.plist.xml; path = configuracion_juego.plist; sourceTree = "<group>"; };
		85A659D4196338380095D51A /* BTajustes@2x.png */ = {isa = PBXFileReference; lastKnownFileType = image.png; path = "BTajustes@2x.png"; sourceTree = "<group>"; };
		85A659D7196339320095D51A /* View_ajustes.h */ = {isa = PBXFileReference; fileEncoding = 4; lastKnownFileType = sourcecode.c.h; path = View_ajustes.h; sourceTree = "<group>"; };
		85A659D8196339320095D51A /* View_ajustes.m */ = {isa = PBXFileReference; fileEncoding = 4; lastKnownFileType = sourcecode.c.objc; path = View_ajustes.m; sourceTree = "<group>"; };
/* End PBXFileReference section */

/* Begin PBXFrameworksBuildPhase section */
		232312831937AA4600B34F7A /* Frameworks */ = {
			isa = PBXFrameworksBuildPhase;
			buildActionMask = 2147483647;
			files = (
				855EEE66196C5A2A00AF42AF /* QuartzCore.framework in Frameworks */,
				8575DA9B1940E42B00392E73 /* libz.dylib in Frameworks */,
				2323128C1937AA4600B34F7A /* CoreGraphics.framework in Frameworks */,
				2323128E1937AA4600B34F7A /* UIKit.framework in Frameworks */,
				850B4B1D1941195E007C5C20 /* GameKit.framework in Frameworks */,
				232312901937AA4600B34F7A /* SpriteKit.framework in Frameworks */,
				2323128A1937AA4600B34F7A /* Foundation.framework in Frameworks */,
			);
			runOnlyForDeploymentPostprocessing = 0;
		};
		232312AE1937AA4600B34F7A /* Frameworks */ = {
			isa = PBXFrameworksBuildPhase;
			buildActionMask = 2147483647;
			files = (
				232312B31937AA4600B34F7A /* XCTest.framework in Frameworks */,
				232312B51937AA4600B34F7A /* UIKit.framework in Frameworks */,
				232312B41937AA4600B34F7A /* Foundation.framework in Frameworks */,
			);
			runOnlyForDeploymentPostprocessing = 0;
		};
/* End PBXFrameworksBuildPhase section */

/* Begin PBXGroup section */
		2323127D1937AA4600B34F7A = {
			isa = PBXGroup;
			children = (
				232312911937AA4600B34F7A /* Cucho */,
				232312B81937AA4600B34F7A /* CuchoTests */,
				232312881937AA4600B34F7A /* Frameworks */,
				232312871937AA4600B34F7A /* Products */,
			);
			sourceTree = "<group>";
		};
		232312871937AA4600B34F7A /* Products */ = {
			isa = PBXGroup;
			children = (
				232312861937AA4600B34F7A /* Cucho Run.app */,
				232312B11937AA4600B34F7A /* Cucho RunTests.xctest */,
			);
			name = Products;
			sourceTree = "<group>";
		};
		232312881937AA4600B34F7A /* Frameworks */ = {
			isa = PBXGroup;
			children = (
				855EEE65196C5A2A00AF42AF /* QuartzCore.framework */,
				850B4B1C1941195E007C5C20 /* GameKit.framework */,
				8575DA9A1940E42B00392E73 /* libz.dylib */,
				232312891937AA4600B34F7A /* Foundation.framework */,
				2323128B1937AA4600B34F7A /* CoreGraphics.framework */,
				2323128D1937AA4600B34F7A /* UIKit.framework */,
				2323128F1937AA4600B34F7A /* SpriteKit.framework */,
				232312B21937AA4600B34F7A /* XCTest.framework */,
			);
			name = Frameworks;
			sourceTree = "<group>";
		};
		232312911937AA4600B34F7A /* Cucho */ = {
			isa = PBXGroup;
			children = (
				85A659D019630E940095D51A /* configuracion_juego.plist */,
				85019FD21947A470007DB79E /* Game Center */,
				8575DA9F1940E62900392E73 /* Jugador_Cucho */,
				8575DA9E1940E61D00392E73 /* Disenos */,
				8575DA9D1940E5FE00392E73 /* Sonidos */,
				8575DA9C1940E45600392E73 /* Particulas */,
				8575DA911940E0F100392E73 /* Mapa */,
				8554796819940731008BBAF9 /* SKTUtils */,
				8575DA901940E01D00392E73 /* Escenas */,
				8575DA8F1940E01200392E73 /* Imagenes */,
				2323129A1937AA4600B34F7A /* ueesAppDelegate.h */,
				2323129B1937AA4600B34F7A /* ueesAppDelegate.m */,
				2323129D1937AA4600B34F7A /* Main_iPhone.storyboard */,
				232312A01937AA4600B34F7A /* Main_iPad.storyboard */,
				232312A31937AA4600B34F7A /* ueesViewController.h */,
				232312A41937AA4600B34F7A /* ueesViewController.m */,
				8554798219941070008BBAF9 /* Base_datos */,
				232312AB1937AA4600B34F7A /* Images.xcassets */,
				232312921937AA4600B34F7A /* Supporting Files */,
			);
			path = Cucho;
			sourceTree = "<group>";
		};
		232312921937AA4600B34F7A /* Supporting Files */ = {
			isa = PBXGroup;
			children = (
				232312931937AA4600B34F7A /* Cucho Run-Info.plist */,
				232312941937AA4600B34F7A /* InfoPlist.strings */,
				232312971937AA4600B34F7A /* main.m */,
				232312991937AA4600B34F7A /* Cucho Run-Prefix.pch */,
			);
			name = "Supporting Files";
			sourceTree = "<group>";
		};
		232312B81937AA4600B34F7A /* CuchoTests */ = {
			isa = PBXGroup;
			children = (
				232312BE1937AA4600B34F7A /* CuchoTests.m */,
				232312B91937AA4600B34F7A /* Supporting Files */,
			);
			path = CuchoTests;
			sourceTree = "<group>";
		};
		232312B91937AA4600B34F7A /* Supporting Files */ = {
			isa = PBXGroup;
			children = (
				232312BA1937AA4600B34F7A /* Cucho RunTests-Info.plist */,
				232312BB1937AA4600B34F7A /* InfoPlist.strings */,
			);
			name = "Supporting Files";
			sourceTree = "<group>";
		};
		85019FD21947A470007DB79E /* Game Center */ = {
			isa = PBXGroup;
			children = (
				85019FD61947A87E007DB79E /* gameCenterManager.h */,
				85019FD71947A87E007DB79E /* gameCenterManager.m */,
			);
			name = "Game Center";
			sourceTree = "<group>";
		};
		8554795D199405AD008BBAF9 /* Botones_Juego */ = {
			isa = PBXGroup;
			children = (
				85547964199405EC008BBAF9 /* corazon@2x.png */,
				85547965199405EC008BBAF9 /* orange-round-play-button.png */,
				85547960199405D7008BBAF9 /* bt_salir@2x.png */,
				85547961199405D7008BBAF9 /* images.png */,
				8554795E199405C2008BBAF9 /* bt_recargar@2x.png */,
			);
			name = Botones_Juego;
			sourceTree = "<group>";
		};
		8554796819940731008BBAF9 /* SKTUtils */ = {
			isa = PBXGroup;
			children = (
				8554796919940731008BBAF9 /* SKAction+SKTExtras.h */,
				8554796A19940731008BBAF9 /* SKAction+SKTExtras.m */,
				8554796B19940731008BBAF9 /* SKAction+SKTSpecialEffects.h */,
				8554796C19940731008BBAF9 /* SKAction+SKTSpecialEffects.m */,
				8554796D19940731008BBAF9 /* SKEmitterNode+SKTExtras.h */,
				8554796E19940731008BBAF9 /* SKEmitterNode+SKTExtras.m */,
				8554796F19940731008BBAF9 /* SKNode+SKTDebugDraw.h */,
				8554797019940731008BBAF9 /* SKNode+SKTDebugDraw.m */,
				8554797119940731008BBAF9 /* SKNode+SKTExtras.h */,
				8554797219940731008BBAF9 /* SKNode+SKTExtras.m */,
				8554797319940731008BBAF9 /* SKTAudio.h */,
				8554797419940731008BBAF9 /* SKTAudio.m */,
				8554797519940731008BBAF9 /* SKTEffects.h */,
				8554797619940731008BBAF9 /* SKTEffects.m */,
				8554797719940731008BBAF9 /* SKTTimingFunctions.h */,
				8554797819940731008BBAF9 /* SKTTimingFunctions.m */,
				8554797919940731008BBAF9 /* SKTUtils.h */,
			);
			name = SKTUtils;
			path = ../SKTUtils;
			sourceTree = "<group>";
		};
		8554798219941070008BBAF9 /* Base_datos */ = {
			isa = PBXGroup;
			children = (
				8554798319941092008BBAF9 /* conexionBase.h */,
				8554798419941092008BBAF9 /* conexionBase.m */,
			);
			name = Base_datos;
			sourceTree = "<group>";
		};
		855EEE69196C680000AF42AF /* CoverFlow 3D */ = {
			isa = PBXGroup;
			children = (
				855EEE6A196C6CA200AF42AF /* iCarousel.h */,
				855EEE6B196C6CA200AF42AF /* iCarousel.m */,
			);
			name = "CoverFlow 3D";
			sourceTree = "<group>";
		};
		8575DA8F1940E01200392E73 /* Imagenes */ = {
			isa = PBXGroup;
			children = (
				8554795D199405AD008BBAF9 /* Botones_Juego */,
				85770F0E1988040900176CF6 /* Botones */,
				855056AD19816B6F005EC6C2 /* mario_phone.jpg */,
				855056AE19816B6F005EC6C2 /* mario.jpg */,
				855EEE7A196CA31800AF42AF /* background.png */,
			);
			name = Imagenes;
			sourceTree = "<group>";
		};
		8575DA901940E01D00392E73 /* Escenas */ = {
			isa = PBXGroup;
			children = (
				85A659D6196338B70095D51A /* PopViews */,
				232312A61937AA4600B34F7A /* Escena_menu.h */,
				232312A71937AA4600B34F7A /* Escena_menu.m */,
				85151D57194A1591002E2FC5 /* Escena_mundos.h */,
				85151D58194A1591002E2FC5 /* Escena_mundos.m */,
				855EEE73196C6F1000AF42AF /* Escena_nivel.h */,
				855EEE74196C6F1000AF42AF /* Escena_nivel.m */,
				851EFF21198838A0009377CD /* Escena_juego.h */,
				851EFF22198838A0009377CD /* Escena_juego.m */,
			);
			name = Escenas;
			sourceTree = "<group>";
		};
		8575DA911940E0F100392E73 /* Mapa */ = {
			isa = PBXGroup;
			children = (
				85A659CC196307AD0095D51A /* Parallax */,
				8575DA931940E23900392E73 /* Archivos de configuracion */,
				8575DA921940E0FF00392E73 /* Mapas Mundos */,
			);
			name = Mapa;
			sourceTree = "<group>";
		};
		8575DA921940E0FF00392E73 /* Mapas Mundos */ = {
			isa = PBXGroup;
			children = (
			);
			name = "Mapas Mundos";
			sourceTree = "<group>";
		};
		8575DA931940E23900392E73 /* Archivos de configuracion */ = {
			isa = PBXGroup;
			children = (
				8575DA971940E3E000392E73 /* LFCGzipUtility.h */,
				8575DA981940E3E000392E73 /* LFCGzipUtility.m */,
				8575DA941940E3C200392E73 /* JSTileMap.h */,
				8575DA951940E3C200392E73 /* JSTileMap.m */,
			);
			name = "Archivos de configuracion";
			sourceTree = "<group>";
		};
		8575DA9C1940E45600392E73 /* Particulas */ = {
			isa = PBXGroup;
			children = (
			);
			name = Particulas;
			sourceTree = "<group>";
		};
		8575DA9D1940E5FE00392E73 /* Sonidos */ = {
			isa = PBXGroup;
			children = (
			);
			name = Sonidos;
			sourceTree = "<group>";
		};
		8575DA9E1940E61D00392E73 /* Disenos */ = {
			isa = PBXGroup;
			children = (
				855EEE69196C680000AF42AF /* CoverFlow 3D */,
				8575DAA11940EB0500392E73 /* Botones */,
				8575DAA01940E64100392E73 /* Efecto Parallax */,
			);
			name = Disenos;
			sourceTree = "<group>";
		};
		8575DA9F1940E62900392E73 /* Jugador_Cucho */ = {
			isa = PBXGroup;
			children = (
				85A659C9196307930095D51A /* Jugador.h */,
				85A659CA196307930095D51A /* Jugador.m */,
			);
			name = Jugador_Cucho;
			sourceTree = "<group>";
		};
		8575DAA01940E64100392E73 /* Efecto Parallax */ = {
			isa = PBXGroup;
			children = (
			);
			name = "Efecto Parallax";
			sourceTree = "<group>";
		};
		8575DAA11940EB0500392E73 /* Botones */ = {
			isa = PBXGroup;
			children = (
				85A659D4196338380095D51A /* BTajustes@2x.png */,
				8575DAA81940EE2900392E73 /* BTcomprar@2x.png */,
				8575DAA61940EC3A00392E73 /* BTjugar@2x.png */,
				8575DAA41940EC0200392E73 /* BTpuntajes@2x.png */,
			);
			name = Botones;
			sourceTree = "<group>";
		};
		85770F0E1988040900176CF6 /* Botones */ = {
			isa = PBXGroup;
			children = (
				851EFF2419883E38009377CD /* bt_atras.png */,
				8535D6D619880AE2005BEC90 /* cuchoNiveles.atlas */,
				8535D6C619880496005BEC90 /* bt_nivel1.png */,
				8535D6C719880496005BEC90 /* bt_nivel2.png */,
				8535D6C819880496005BEC90 /* bt_nivel3.png */,
				8535D6C919880496005BEC90 /* bt_nivel4.png */,
				8535D6CA19880496005BEC90 /* bt_nivel5.png */,
			);
			name = Botones;
			sourceTree = "<group>";
		};
		85A659CC196307AD0095D51A /* Parallax */ = {
			isa = PBXGroup;
			children = (
				85A659CD196307C90095D51A /* EfectoParallax.h */,
				85A659CE196307C90095D51A /* EfectoParallax.m */,
			);
			name = Parallax;
			sourceTree = "<group>";
		};
		85A659D6196338B70095D51A /* PopViews */ = {
			isa = PBXGroup;
			children = (
				85A659D7196339320095D51A /* View_ajustes.h */,
				85A659D8196339320095D51A /* View_ajustes.m */,
				8560EB4E1993E936000A57F7 /* ajustes_view.xib */,
			);
			name = PopViews;
			sourceTree = "<group>";
		};
/* End PBXGroup section */

/* Begin PBXNativeTarget section */
		232312851937AA4600B34F7A /* Cucho Run */ = {
			isa = PBXNativeTarget;
			buildConfigurationList = 232312C21937AA4600B34F7A /* Build configuration list for PBXNativeTarget "Cucho Run" */;
			buildPhases = (
				232312821937AA4600B34F7A /* Sources */,
				232312831937AA4600B34F7A /* Frameworks */,
				232312841937AA4600B34F7A /* Resources */,
			);
			buildRules = (
			);
			dependencies = (
			);
			name = "Cucho Run";
			productName = Cucho;
			productReference = 232312861937AA4600B34F7A /* Cucho Run.app */;
			productType = "com.apple.product-type.application";
		};
		232312B01937AA4600B34F7A /* Cucho RunTests */ = {
			isa = PBXNativeTarget;
			buildConfigurationList = 232312C51937AA4600B34F7A /* Build configuration list for PBXNativeTarget "Cucho RunTests" */;
			buildPhases = (
				232312AD1937AA4600B34F7A /* Sources */,
				232312AE1937AA4600B34F7A /* Frameworks */,
				232312AF1937AA4600B34F7A /* Resources */,
			);
			buildRules = (
			);
			dependencies = (
				232312B71937AA4600B34F7A /* PBXTargetDependency */,
			);
			name = "Cucho RunTests";
			productName = CuchoTests;
			productReference = 232312B11937AA4600B34F7A /* Cucho RunTests.xctest */;
			productType = "com.apple.product-type.bundle.unit-test";
		};
/* End PBXNativeTarget section */

/* Begin PBXProject section */
		2323127E1937AA4600B34F7A /* Project object */ = {
			isa = PBXProject;
			attributes = {
				CLASSPREFIX = uees;
				LastUpgradeCheck = 0510;
				ORGANIZATIONNAME = FISTE;
				TargetAttributes = {
					232312851937AA4600B34F7A = {
						DevelopmentTeam = 4RQC6K9X2K;
						SystemCapabilities = {
							com.apple.GameCenter = {
								enabled = 1;
							};
						};
					};
					232312B01937AA4600B34F7A = {
						TestTargetID = 232312851937AA4600B34F7A;
					};
				};
			};
			buildConfigurationList = 232312811937AA4600B34F7A /* Build configuration list for PBXProject "Cucho Run" */;
			compatibilityVersion = "Xcode 3.2";
			developmentRegion = English;
			hasScannedForEncodings = 0;
			knownRegions = (
				en,
				Base,
			);
			mainGroup = 2323127D1937AA4600B34F7A;
			productRefGroup = 232312871937AA4600B34F7A /* Products */;
			projectDirPath = "";
			projectRoot = "";
			targets = (
				232312851937AA4600B34F7A /* Cucho Run */,
				232312B01937AA4600B34F7A /* Cucho RunTests */,
			);
		};
/* End PBXProject section */

/* Begin PBXResourcesBuildPhase section */
		232312841937AA4600B34F7A /* Resources */ = {
			isa = PBXResourcesBuildPhase;
			buildActionMask = 2147483647;
			files = (
				855056B019816B6F005EC6C2 /* mario.jpg in Resources */,
				855EEE7B196CA31800AF42AF /* background.png in Resources */,
				8535D6CB19880496005BEC90 /* bt_nivel1.png in Resources */,
				8575DAA51940EC0200392E73 /* BTpuntajes@2x.png in Resources */,
				85A659D5196338380095D51A /* BTajustes@2x.png in Resources */,
				851EFF2519883E38009377CD /* bt_atras.png in Resources */,
				8535D6CC19880496005BEC90 /* bt_nivel2.png in Resources */,
				85547966199405EC008BBAF9 /* corazon@2x.png in Resources */,
				8575DAA71940EC3A00392E73 /* BTjugar@2x.png in Resources */,
				8535D6CE19880496005BEC90 /* bt_nivel4.png in Resources */,
				232312AC1937AA4600B34F7A /* Images.xcassets in Resources */,
				8560EB4F1993E936000A57F7 /* ajustes_view.xib in Resources */,
				8535D6D719880AE2005BEC90 /* cuchoNiveles.atlas in Resources */,
				85547967199405EC008BBAF9 /* orange-round-play-button.png in Resources */,
				85A659D119630E940095D51A /* configuracion_juego.plist in Resources */,
				855056AF19816B6F005EC6C2 /* mario_phone.jpg in Resources */,
				8575DAA91940EE2900392E73 /* BTcomprar@2x.png in Resources */,
				8535D6CD19880496005BEC90 /* bt_nivel3.png in Resources */,
				85547962199405D7008BBAF9 /* bt_salir@2x.png in Resources */,
				85547963199405D7008BBAF9 /* images.png in Resources */,
				232312A21937AA4600B34F7A /* Main_iPad.storyboard in Resources */,
				8554795F199405C2008BBAF9 /* bt_recargar@2x.png in Resources */,
				2323129F1937AA4600B34F7A /* Main_iPhone.storyboard in Resources */,
				232312961937AA4600B34F7A /* InfoPlist.strings in Resources */,
				8535D6CF19880496005BEC90 /* bt_nivel5.png in Resources */,
			);
			runOnlyForDeploymentPostprocessing = 0;
		};
		232312AF1937AA4600B34F7A /* Resources */ = {
			isa = PBXResourcesBuildPhase;
			buildActionMask = 2147483647;
			files = (
				232312BD1937AA4600B34F7A /* InfoPlist.strings in Resources */,
			);
			runOnlyForDeploymentPostprocessing = 0;
		};
/* End PBXResourcesBuildPhase section */

/* Begin PBXSourcesBuildPhase section */
		232312821937AA4600B34F7A /* Sources */ = {
			isa = PBXSourcesBuildPhase;
			buildActionMask = 2147483647;
			files = (
				8554797D19940731008BBAF9 /* SKNode+SKTDebugDraw.m in Sources */,
				2323129C1937AA4600B34F7A /* ueesAppDelegate.m in Sources */,
				8554798519941092008BBAF9 /* conexionBase.m in Sources */,
				8554798019940731008BBAF9 /* SKTEffects.m in Sources */,
				8554797C19940731008BBAF9 /* SKEmitterNode+SKTExtras.m in Sources */,
				8554797B19940731008BBAF9 /* SKAction+SKTSpecialEffects.m in Sources */,
				85019FD81947A87E007DB79E /* gameCenterManager.m in Sources */,
				8575DA961940E3C200392E73 /* JSTileMap.m in Sources */,
				232312981937AA4600B34F7A /* main.m in Sources */,
				85A659CF196307C90095D51A /* EfectoParallax.m in Sources */,
				85A659D9196339320095D51A /* View_ajustes.m in Sources */,
				8554797F19940731008BBAF9 /* SKTAudio.m in Sources */,
				85A659CB196307930095D51A /* Jugador.m in Sources */,
				232312A81937AA4600B34F7A /* Escena_menu.m in Sources */,
				8575DA991940E3E000392E73 /* LFCGzipUtility.m in Sources */,
				8554797E19940731008BBAF9 /* SKNode+SKTExtras.m in Sources */,
				855EEE75196C6F1000AF42AF /* Escena_nivel.m in Sources */,
				8554798119940731008BBAF9 /* SKTTimingFunctions.m in Sources */,
				855EEE6C196C6CA200AF42AF /* iCarousel.m in Sources */,
				851EFF23198838A0009377CD /* Escena_juego.m in Sources */,
				8554797A19940731008BBAF9 /* SKAction+SKTExtras.m in Sources */,
				85151D59194A1591002E2FC5 /* Escena_mundos.m in Sources */,
				232312A51937AA4600B34F7A /* ueesViewController.m in Sources */,
			);
			runOnlyForDeploymentPostprocessing = 0;
		};
		232312AD1937AA4600B34F7A /* Sources */ = {
			isa = PBXSourcesBuildPhase;
			buildActionMask = 2147483647;
			files = (
				232312BF1937AA4600B34F7A /* CuchoTests.m in Sources */,
			);
			runOnlyForDeploymentPostprocessing = 0;
		};
/* End PBXSourcesBuildPhase section */

/* Begin PBXTargetDependency section */
		232312B71937AA4600B34F7A /* PBXTargetDependency */ = {
			isa = PBXTargetDependency;
			target = 232312851937AA4600B34F7A /* Cucho Run */;
			targetProxy = 232312B61937AA4600B34F7A /* PBXContainerItemProxy */;
		};
/* End PBXTargetDependency section */

/* Begin PBXVariantGroup section */
		232312941937AA4600B34F7A /* InfoPlist.strings */ = {
			isa = PBXVariantGroup;
			children = (
				232312951937AA4600B34F7A /* en */,
			);
			name = InfoPlist.strings;
			sourceTree = "<group>";
		};
		2323129D1937AA4600B34F7A /* Main_iPhone.storyboard */ = {
			isa = PBXVariantGroup;
			children = (
				2323129E1937AA4600B34F7A /* Base */,
			);
			name = Main_iPhone.storyboard;
			sourceTree = "<group>";
		};
		232312A01937AA4600B34F7A /* Main_iPad.storyboard */ = {
			isa = PBXVariantGroup;
			children = (
				232312A11937AA4600B34F7A /* Base */,
			);
			name = Main_iPad.storyboard;
			sourceTree = "<group>";
		};
		232312BB1937AA4600B34F7A /* InfoPlist.strings */ = {
			isa = PBXVariantGroup;
			children = (
				232312BC1937AA4600B34F7A /* en */,
			);
			name = InfoPlist.strings;
			sourceTree = "<group>";
		};
/* End PBXVariantGroup section */

/* Begin XCBuildConfiguration section */
		232312C01937AA4600B34F7A /* Debug */ = {
			isa = XCBuildConfiguration;
			buildSettings = {
				ALWAYS_SEARCH_USER_PATHS = NO;
				CLANG_CXX_LANGUAGE_STANDARD = "gnu++0x";
				CLANG_CXX_LIBRARY = "libc++";
				CLANG_ENABLE_MODULES = YES;
				CLANG_ENABLE_OBJC_ARC = YES;
				CLANG_WARN_BOOL_CONVERSION = YES;
				CLANG_WARN_CONSTANT_CONVERSION = YES;
				CLANG_WARN_DIRECT_OBJC_ISA_USAGE = YES_ERROR;
				CLANG_WARN_EMPTY_BODY = YES;
				CLANG_WARN_ENUM_CONVERSION = YES;
				CLANG_WARN_INT_CONVERSION = YES;
				CLANG_WARN_OBJC_ROOT_CLASS = YES_ERROR;
				CLANG_WARN__DUPLICATE_METHOD_MATCH = YES;
				"CODE_SIGN_IDENTITY[sdk=iphoneos*]" = "iPhone Developer";
				COPY_PHASE_STRIP = NO;
				GCC_C_LANGUAGE_STANDARD = gnu99;
				GCC_DYNAMIC_NO_PIC = NO;
				GCC_OPTIMIZATION_LEVEL = 0;
				GCC_PREPROCESSOR_DEFINITIONS = (
					"DEBUG=1",
					"$(inherited)",
				);
				GCC_SYMBOLS_PRIVATE_EXTERN = NO;
				GCC_WARN_64_TO_32_BIT_CONVERSION = YES;
				GCC_WARN_ABOUT_RETURN_TYPE = YES_ERROR;
				GCC_WARN_UNDECLARED_SELECTOR = YES;
				GCC_WARN_UNINITIALIZED_AUTOS = YES;
				GCC_WARN_UNUSED_FUNCTION = YES;
				GCC_WARN_UNUSED_VARIABLE = YES;
				IPHONEOS_DEPLOYMENT_TARGET = 7.0;
				ONLY_ACTIVE_ARCH = YES;
				SDKROOT = iphoneos;
				TARGETED_DEVICE_FAMILY = "1,2";
			};
			name = Debug;
		};
		232312C11937AA4600B34F7A /* Release */ = {
			isa = XCBuildConfiguration;
			buildSettings = {
				ALWAYS_SEARCH_USER_PATHS = NO;
				CLANG_CXX_LANGUAGE_STANDARD = "gnu++0x";
				CLANG_CXX_LIBRARY = "libc++";
				CLANG_ENABLE_MODULES = YES;
				CLANG_ENABLE_OBJC_ARC = YES;
				CLANG_WARN_BOOL_CONVERSION = YES;
				CLANG_WARN_CONSTANT_CONVERSION = YES;
				CLANG_WARN_DIRECT_OBJC_ISA_USAGE = YES_ERROR;
				CLANG_WARN_EMPTY_BODY = YES;
				CLANG_WARN_ENUM_CONVERSION = YES;
				CLANG_WARN_INT_CONVERSION = YES;
				CLANG_WARN_OBJC_ROOT_CLASS = YES_ERROR;
				CLANG_WARN__DUPLICATE_METHOD_MATCH = YES;
				"CODE_SIGN_IDENTITY[sdk=iphoneos*]" = "iPhone Developer";
				COPY_PHASE_STRIP = YES;
				ENABLE_NS_ASSERTIONS = NO;
				GCC_C_LANGUAGE_STANDARD = gnu99;
				GCC_WARN_64_TO_32_BIT_CONVERSION = YES;
				GCC_WARN_ABOUT_RETURN_TYPE = YES_ERROR;
				GCC_WARN_UNDECLARED_SELECTOR = YES;
				GCC_WARN_UNINITIALIZED_AUTOS = YES;
				GCC_WARN_UNUSED_FUNCTION = YES;
				GCC_WARN_UNUSED_VARIABLE = YES;
				IPHONEOS_DEPLOYMENT_TARGET = 7.0;
				SDKROOT = iphoneos;
				TARGETED_DEVICE_FAMILY = "1,2";
				VALIDATE_PRODUCT = YES;
			};
			name = Release;
		};
		232312C31937AA4600B34F7A /* Debug */ = {
			isa = XCBuildConfiguration;
			buildSettings = {
				ASSETCATALOG_COMPILER_APPICON_NAME = AppIcon;
				ASSETCATALOG_COMPILER_LAUNCHIMAGE_NAME = LaunchImage;
				CODE_SIGN_IDENTITY = "iPhone Developer";
				"CODE_SIGN_IDENTITY[sdk=iphoneos*]" = "iPhone Developer";
				GCC_PRECOMPILE_PREFIX_HEADER = YES;
				GCC_PREFIX_HEADER = "Cucho/Cucho Run-Prefix.pch";
				INFOPLIST_FILE = "Cucho/Cucho Run-Info.plist";
				IPHONEOS_DEPLOYMENT_TARGET = 7.1;
				PRODUCT_NAME = "Cucho Run";
				PROVISIONING_PROFILE = "";
				SPRITEKIT_TEXTURE_ATLAS_OUTPUT = YES;
				WRAPPER_EXTENSION = app;
			};
			name = Debug;
		};
		232312C41937AA4600B34F7A /* Release */ = {
			isa = XCBuildConfiguration;
			buildSettings = {
				ASSETCATALOG_COMPILER_APPICON_NAME = AppIcon;
				ASSETCATALOG_COMPILER_LAUNCHIMAGE_NAME = LaunchImage;
				CODE_SIGN_IDENTITY = "iPhone Developer";
				"CODE_SIGN_IDENTITY[sdk=iphoneos*]" = "iPhone Developer";
				GCC_PRECOMPILE_PREFIX_HEADER = YES;
				GCC_PREFIX_HEADER = "Cucho/Cucho Run-Prefix.pch";
				INFOPLIST_FILE = "Cucho/Cucho Run-Info.plist";
				IPHONEOS_DEPLOYMENT_TARGET = 7.1;
				PRODUCT_NAME = "Cucho Run";
				PROVISIONING_PROFILE = "";
				SPRITEKIT_TEXTURE_ATLAS_OUTPUT = YES;
				WRAPPER_EXTENSION = app;
			};
			name = Release;
		};
		232312C61937AA4600B34F7A /* Debug */ = {
			isa = XCBuildConfiguration;
			buildSettings = {
				BUNDLE_LOADER = "$(BUILT_PRODUCTS_DIR)/Cucho.app/Cucho";
				FRAMEWORK_SEARCH_PATHS = (
					"$(SDKROOT)/Developer/Library/Frameworks",
					"$(inherited)",
					"$(DEVELOPER_FRAMEWORKS_DIR)",
				);
				GCC_PRECOMPILE_PREFIX_HEADER = YES;
				GCC_PREFIX_HEADER = "Cucho/Cucho-Prefix.pch";
				GCC_PREPROCESSOR_DEFINITIONS = (
					"DEBUG=1",
					"$(inherited)",
				);
				INFOPLIST_FILE = "CuchoTests/Cucho RunTests-Info.plist";
				PRODUCT_NAME = "Cucho RunTests";
				TEST_HOST = "$(BUNDLE_LOADER)";
				WRAPPER_EXTENSION = xctest;
			};
			name = Debug;
		};
		232312C71937AA4600B34F7A /* Release */ = {
			isa = XCBuildConfiguration;
			buildSettings = {
				BUNDLE_LOADER = "$(BUILT_PRODUCTS_DIR)/Cucho.app/Cucho";
				FRAMEWORK_SEARCH_PATHS = (
					"$(SDKROOT)/Developer/Library/Frameworks",
					"$(inherited)",
					"$(DEVELOPER_FRAMEWORKS_DIR)",
				);
				GCC_PRECOMPILE_PREFIX_HEADER = YES;
				GCC_PREFIX_HEADER = "Cucho/Cucho-Prefix.pch";
				INFOPLIST_FILE = "CuchoTests/Cucho RunTests-Info.plist";
				PRODUCT_NAME = "Cucho RunTests";
				TEST_HOST = "$(BUNDLE_LOADER)";
				WRAPPER_EXTENSION = xctest;
			};
			name = Release;
		};
/* End XCBuildConfiguration section */

/* Begin XCConfigurationList section */
		232312811937AA4600B34F7A /* Build configuration list for PBXProject "Cucho Run" */ = {
			isa = XCConfigurationList;
			buildConfigurations = (
				232312C01937AA4600B34F7A /* Debug */,
				232312C11937AA4600B34F7A /* Release */,
			);
			defaultConfigurationIsVisible = 0;
			defaultConfigurationName = Release;
		};
		232312C21937AA4600B34F7A /* Build configuration list for PBXNativeTarget "Cucho Run" */ = {
			isa = XCConfigurationList;
			buildConfigurations = (
				232312C31937AA4600B34F7A /* Debug */,
				232312C41937AA4600B34F7A /* Release */,
			);
			defaultConfigurationIsVisible = 0;
			defaultConfigurationName = Release;
		};
		232312C51937AA4600B34F7A /* Build configuration list for PBXNativeTarget "Cucho RunTests" */ = {
			isa = XCConfigurationList;
			buildConfigurations = (
				232312C61937AA4600B34F7A /* Debug */,
				232312C71937AA4600B34F7A /* Release */,
			);
			defaultConfigurationIsVisible = 0;
			defaultConfigurationName = Release;
		};
/* End XCConfigurationList section */
	};
	rootObject = 2323127E1937AA4600B34F7A /* Project object */;
}
